// !$*UTF8*$!
{
	archiveVersion = 1;
	classes = {
	};
	objectVersion = 56;
	objects = {

/* Begin PBXBuildFile section */
		80391BC42C243D7400FCF96B /* AniceHolidaySampleApp.swift in Sources */ = {isa = PBXBuildFile; fileRef = 80391BC32C243D7400FCF96B /* AniceHolidaySampleApp.swift */; };
		80391BC62C243D7400FCF96B /* ContentView.swift in Sources */ = {isa = PBXBuildFile; fileRef = 80391BC52C243D7400FCF96B /* ContentView.swift */; };
		80391BCB2C243D7600FCF96B /* Preview Assets.xcassets in Resources */ = {isa = PBXBuildFile; fileRef = 80391BCA2C243D7600FCF96B /* Preview Assets.xcassets */; };
		80391BD22C26BD9D00FCF96B /* TeaModel.swift in Sources */ = {isa = PBXBuildFile; fileRef = 80391BD12C26BD9D00FCF96B /* TeaModel.swift */; };
		80391BD42C2B472300FCF96B /* OrderController.swift in Sources */ = {isa = PBXBuildFile; fileRef = 80391BD32C2B472300FCF96B /* OrderController.swift */; };
		80391BD62C2E98B000FCF96B /* ItemDetailView.swift in Sources */ = {isa = PBXBuildFile; fileRef = 80391BD52C2E98B000FCF96B /* ItemDetailView.swift */; };
		80391BD82C2EA78500FCF96B /* Assets.xcassets in Resources */ = {isa = PBXBuildFile; fileRef = 80391BD72C2EA78500FCF96B /* Assets.xcassets */; };
		80391BDA2C2FFC9F00FCF96B /* OrderModel.swift in Sources */ = {isa = PBXBuildFile; fileRef = 80391BD92C2FFC9F00FCF96B /* OrderModel.swift */; };
		805BB9792CC63A9600A3B479 /* APIKey.swift in Sources */ = {isa = PBXBuildFile; fileRef = 805BB9782CC63A8E00A3B479 /* APIKey.swift */; };
		806A3ABC2C64AF9500F1970C /* OrderRecordView.swift in Sources */ = {isa = PBXBuildFile; fileRef = 806A3ABB2C64AF9500F1970C /* OrderRecordView.swift */; };
		80AD233E2C60CD8B00CCB8D7 /* OrderHistoryView.swift in Sources */ = {isa = PBXBuildFile; fileRef = 80AD233D2C60CD8B00CCB8D7 /* OrderHistoryView.swift */; };
		80AE9F962C33E1A400758577 /* DataManager.swift in Sources */ = {isa = PBXBuildFile; fileRef = 80AE9F952C33E1A400758577 /* DataManager.swift */; };
		80AE9F982C3407BD00758577 /* CartView.swift in Sources */ = {isa = PBXBuildFile; fileRef = 80AE9F972C3407BD00758577 /* CartView.swift */; };
		80AE9F9A2C35BBA500758577 /* MenuView.swift in Sources */ = {isa = PBXBuildFile; fileRef = 80AE9F992C35BBA500758577 /* MenuView.swift */; };
		80AE9F9C2C3BEDFE00758577 /* Tab.swift in Sources */ = {isa = PBXBuildFile; fileRef = 80AE9F9B2C3BEDFE00758577 /* Tab.swift */; };
		80AE9FA02C4A4B2E00758577 /* CheckoutView.swift in Sources */ = {isa = PBXBuildFile; fileRef = 80AE9F9F2C4A4B2E00758577 /* CheckoutView.swift */; };
		80E1F60B2CC6602E0011C486 /* APIKey.plist in Resources */ = {isa = PBXBuildFile; fileRef = 80E1F60A2CC6602E0011C486 /* APIKey.plist */; };
/* End PBXBuildFile section */

/* Begin PBXFileReference section */
		80391BC02C243D7400FCF96B /* AniceHolidaySample.app */ = {isa = PBXFileReference; explicitFileType = wrapper.application; includeInIndex = 0; path = AniceHolidaySample.app; sourceTree = BUILT_PRODUCTS_DIR; };
		80391BC32C243D7400FCF96B /* AniceHolidaySampleApp.swift */ = {isa = PBXFileReference; lastKnownFileType = sourcecode.swift; path = AniceHolidaySampleApp.swift; sourceTree = "<group>"; };
		80391BC52C243D7400FCF96B /* ContentView.swift */ = {isa = PBXFileReference; lastKnownFileType = sourcecode.swift; path = ContentView.swift; sourceTree = "<group>"; };
		80391BCA2C243D7600FCF96B /* Preview Assets.xcassets */ = {isa = PBXFileReference; lastKnownFileType = folder.assetcatalog; path = "Preview Assets.xcassets"; sourceTree = "<group>"; };
		80391BD12C26BD9D00FCF96B /* TeaModel.swift */ = {isa = PBXFileReference; lastKnownFileType = sourcecode.swift; path = TeaModel.swift; sourceTree = "<group>"; };
		80391BD32C2B472300FCF96B /* OrderController.swift */ = {isa = PBXFileReference; lastKnownFileType = sourcecode.swift; path = OrderController.swift; sourceTree = "<group>"; };
		80391BD52C2E98B000FCF96B /* ItemDetailView.swift */ = {isa = PBXFileReference; lastKnownFileType = sourcecode.swift; path = ItemDetailView.swift; sourceTree = "<group>"; };
		80391BD72C2EA78500FCF96B /* Assets.xcassets */ = {isa = PBXFileReference; lastKnownFileType = folder.assetcatalog; path = Assets.xcassets; sourceTree = "<group>"; };
		80391BD92C2FFC9F00FCF96B /* OrderModel.swift */ = {isa = PBXFileReference; lastKnownFileType = sourcecode.swift; path = OrderModel.swift; sourceTree = "<group>"; };
		805BB9782CC63A8E00A3B479 /* APIKey.swift */ = {isa = PBXFileReference; lastKnownFileType = sourcecode.swift; path = APIKey.swift; sourceTree = "<group>"; };
		806A3ABB2C64AF9500F1970C /* OrderRecordView.swift */ = {isa = PBXFileReference; lastKnownFileType = sourcecode.swift; path = OrderRecordView.swift; sourceTree = "<group>"; };
		80AD233D2C60CD8B00CCB8D7 /* OrderHistoryView.swift */ = {isa = PBXFileReference; lastKnownFileType = sourcecode.swift; path = OrderHistoryView.swift; sourceTree = "<group>"; };
		80AE9F952C33E1A400758577 /* DataManager.swift */ = {isa = PBXFileReference; lastKnownFileType = sourcecode.swift; path = DataManager.swift; sourceTree = "<group>"; };
		80AE9F972C3407BD00758577 /* CartView.swift */ = {isa = PBXFileReference; lastKnownFileType = sourcecode.swift; path = CartView.swift; sourceTree = "<group>"; };
		80AE9F992C35BBA500758577 /* MenuView.swift */ = {isa = PBXFileReference; lastKnownFileType = sourcecode.swift; path = MenuView.swift; sourceTree = "<group>"; };
		80AE9F9B2C3BEDFE00758577 /* Tab.swift */ = {isa = PBXFileReference; lastKnownFileType = sourcecode.swift; path = Tab.swift; sourceTree = "<group>"; };
		80AE9F9F2C4A4B2E00758577 /* CheckoutView.swift */ = {isa = PBXFileReference; lastKnownFileType = sourcecode.swift; path = CheckoutView.swift; sourceTree = "<group>"; };
		80E1F60A2CC6602E0011C486 /* APIKey.plist */ = {isa = PBXFileReference; lastKnownFileType = text.plist.xml; path = APIKey.plist; sourceTree = "<group>"; };
/* End PBXFileReference section */

/* Begin PBXFrameworksBuildPhase section */
		80391BBD2C243D7400FCF96B /* Frameworks */ = {
			isa = PBXFrameworksBuildPhase;
			buildActionMask = 2147483647;
			files = (
			);
			runOnlyForDeploymentPostprocessing = 0;
		};
/* End PBXFrameworksBuildPhase section */

/* Begin PBXGroup section */
		80391BB72C243D7400FCF96B = {
			isa = PBXGroup;
			children = (
				805BB9742CC6382000A3B479 /* APIKey */,
				80391BC22C243D7400FCF96B /* AniceHolidaySample */,
				80391BC12C243D7400FCF96B /* Products */,
			);
			sourceTree = "<group>";
		};
		80391BC12C243D7400FCF96B /* Products */ = {
			isa = PBXGroup;
			children = (
				80391BC02C243D7400FCF96B /* AniceHolidaySample.app */,
			);
			name = Products;
			sourceTree = "<group>";
		};
		80391BC22C243D7400FCF96B /* AniceHolidaySample */ = {
			isa = PBXGroup;
			children = (
				80391BC32C243D7400FCF96B /* AniceHolidaySampleApp.swift */,
				80391BC52C243D7400FCF96B /* ContentView.swift */,
				80AE9F992C35BBA500758577 /* MenuView.swift */,
				80391BD52C2E98B000FCF96B /* ItemDetailView.swift */,
				80391BD32C2B472300FCF96B /* OrderController.swift */,
				80AE9F972C3407BD00758577 /* CartView.swift */,
				805BB9782CC63A8E00A3B479 /* APIKey.swift */,
				80AE9F952C33E1A400758577 /* DataManager.swift */,
				80391BD12C26BD9D00FCF96B /* TeaModel.swift */,
				80391BD92C2FFC9F00FCF96B /* OrderModel.swift */,
				80AE9F9B2C3BEDFE00758577 /* Tab.swift */,
				80AE9F9F2C4A4B2E00758577 /* CheckoutView.swift */,
				80AD233D2C60CD8B00CCB8D7 /* OrderHistoryView.swift */,
				806A3ABB2C64AF9500F1970C /* OrderRecordView.swift */,
				80391BD72C2EA78500FCF96B /* Assets.xcassets */,
				80391BC92C243D7600FCF96B /* Preview Content */,
			);
			path = AniceHolidaySample;
			sourceTree = "<group>";
		};
		80391BC92C243D7600FCF96B /* Preview Content */ = {
			isa = PBXGroup;
			children = (
				80391BCA2C243D7600FCF96B /* Preview Assets.xcassets */,
			);
			path = "Preview Content";
			sourceTree = "<group>";
		};
		805BB9742CC6382000A3B479 /* APIKey */ = {
			isa = PBXGroup;
			children = (
				80E1F60A2CC6602E0011C486 /* APIKey.plist */,
			);
			path = APIKey;
			sourceTree = "<group>";
		};
/* End PBXGroup section */

/* Begin PBXNativeTarget section */
		80391BBF2C243D7400FCF96B /* AniceHolidaySample */ = {
			isa = PBXNativeTarget;
			buildConfigurationList = 80391BCE2C243D7600FCF96B /* Build configuration list for PBXNativeTarget "AniceHolidaySample" */;
			buildPhases = (
				8083024B2CC4F12500B84BFF /* ShellScript */,
				80391BBC2C243D7400FCF96B /* Sources */,
				80391BBD2C243D7400FCF96B /* Frameworks */,
				80391BBE2C243D7400FCF96B /* Resources */,
			);
			buildRules = (
			);
			dependencies = (
			);
			name = AniceHolidaySample;
			productName = AniceHolidaySample;
			productReference = 80391BC02C243D7400FCF96B /* AniceHolidaySample.app */;
			productType = "com.apple.product-type.application";
		};
/* End PBXNativeTarget section */

/* Begin PBXProject section */
		80391BB82C243D7400FCF96B /* Project object */ = {
			isa = PBXProject;
			attributes = {
				BuildIndependentTargetsInParallel = 1;
				LastSwiftUpdateCheck = 1540;
				LastUpgradeCheck = 1540;
				TargetAttributes = {
					80391BBF2C243D7400FCF96B = {
						CreatedOnToolsVersion = 15.4;
					};
				};
			};
			buildConfigurationList = 80391BBB2C243D7400FCF96B /* Build configuration list for PBXProject "AniceHolidaySample" */;
			compatibilityVersion = "Xcode 14.0";
			developmentRegion = en;
			hasScannedForEncodings = 0;
			knownRegions = (
				en,
				Base,
			);
			mainGroup = 80391BB72C243D7400FCF96B;
			productRefGroup = 80391BC12C243D7400FCF96B /* Products */;
			projectDirPath = "";
			projectRoot = "";
			targets = (
				80391BBF2C243D7400FCF96B /* AniceHolidaySample */,
			);
		};
/* End PBXProject section */

/* Begin PBXResourcesBuildPhase section */
		80391BBE2C243D7400FCF96B /* Resources */ = {
			isa = PBXResourcesBuildPhase;
			buildActionMask = 2147483647;
			files = (
				80E1F60B2CC6602E0011C486 /* APIKey.plist in Resources */,
				80391BD82C2EA78500FCF96B /* Assets.xcassets in Resources */,
				80391BCB2C243D7600FCF96B /* Preview Assets.xcassets in Resources */,
			);
			runOnlyForDeploymentPostprocessing = 0;
		};
/* End PBXResourcesBuildPhase section */

/* Begin PBXShellScriptBuildPhase section */
		8083024B2CC4F12500B84BFF /* ShellScript */ = {
			isa = PBXShellScriptBuildPhase;
			buildActionMask = 2147483647;
			files = (
			);
			inputFileListPaths = (
			);
			inputPaths = (
			);
			outputFileListPaths = (
			);
			outputPaths = (
				"$(SRCROOT)/APIKey/APIKey.plist",
			);
			runOnlyForDeploymentPostprocessing = 0;
			shellPath = /bin/sh;
			shellScript = "CONFIG_FILE_BASE_NAME=\"APIKey\"\n\nCONFIG_FILE_NAME=${CONFIG_FILE_BASE_NAME}.plist\nSAMPLE_CONFIG_FILE_NAME=${CONFIG_FILE_BASE_NAME}-Sample.plist\n\nCONFIG_FILE_PATH=$SRCROOT/APIKey/$CONFIG_FILE_NAME\nSAMPLE_CONFIG_FILE_PATH=$SRCROOT/APIKey/$SAMPLE_CONFIG_FILE_NAME\n\nif [ -f \"$CONFIG_FILE_PATH\" ]; then\n  echo \"$CONFIG_FILE_PATH exists.\"\nelse\n  echo \"$CONFIG_FILE_PATH does not exist, copying sample\"\n  cp -v \"${SAMPLE_CONFIG_FILE_PATH}\" \"${CONFIG_FILE_PATH}\"\nfi\n";
		};
/* End PBXShellScriptBuildPhase section */

/* Begin PBXSourcesBuildPhase section */
		80391BBC2C243D7400FCF96B /* Sources */ = {
			isa = PBXSourcesBuildPhase;
			buildActionMask = 2147483647;
			files = (
				80391BD42C2B472300FCF96B /* OrderController.swift in Sources */,
				80AE9FA02C4A4B2E00758577 /* CheckoutView.swift in Sources */,
				80391BC62C243D7400FCF96B /* ContentView.swift in Sources */,
				80391BC42C243D7400FCF96B /* AniceHolidaySampleApp.swift in Sources */,
				80AE9F962C33E1A400758577 /* DataManager.swift in Sources */,
				806A3ABC2C64AF9500F1970C /* OrderRecordView.swift in Sources */,
				80AE9F9A2C35BBA500758577 /* MenuView.swift in Sources */,
				80391BD22C26BD9D00FCF96B /* TeaModel.swift in Sources */,
				805BB9792CC63A9600A3B479 /* APIKey.swift in Sources */,
				80391BDA2C2FFC9F00FCF96B /* OrderModel.swift in Sources */,
				80AE9F9C2C3BEDFE00758577 /* Tab.swift in Sources */,
				80AE9F982C3407BD00758577 /* CartView.swift in Sources */,
				80AD233E2C60CD8B00CCB8D7 /* OrderHistoryView.swift in Sources */,
				80391BD62C2E98B000FCF96B /* ItemDetailView.swift in Sources */,
			);
			runOnlyForDeploymentPostprocessing = 0;
		};
/* End PBXSourcesBuildPhase section */

/* Begin XCBuildConfiguration section */
		80391BCC2C243D7600FCF96B /* Debug */ = {
			isa = XCBuildConfiguration;
			buildSettings = {
				ALWAYS_SEARCH_USER_PATHS = NO;
				ASSETCATALOG_COMPILER_GENERATE_SWIFT_ASSET_SYMBOL_EXTENSIONS = YES;
				CLANG_ANALYZER_NONNULL = YES;
				CLANG_ANALYZER_NUMBER_OBJECT_CONVERSION = YES_AGGRESSIVE;
				CLANG_CXX_LANGUAGE_STANDARD = "gnu++20";
				CLANG_ENABLE_MODULES = YES;
				CLANG_ENABLE_OBJC_ARC = YES;
				CLANG_ENABLE_OBJC_WEAK = YES;
				CLANG_WARN_BLOCK_CAPTURE_AUTORELEASING = YES;
				CLANG_WARN_BOOL_CONVERSION = YES;
				CLANG_WARN_COMMA = YES;
				CLANG_WARN_CONSTANT_CONVERSION = YES;
				CLANG_WARN_DEPRECATED_OBJC_IMPLEMENTATIONS = YES;
				CLANG_WARN_DIRECT_OBJC_ISA_USAGE = YES_ERROR;
				CLANG_WARN_DOCUMENTATION_COMMENTS = YES;
				CLANG_WARN_EMPTY_BODY = YES;
				CLANG_WARN_ENUM_CONVERSION = YES;
				CLANG_WARN_INFINITE_RECURSION = YES;
				CLANG_WARN_INT_CONVERSION = YES;
				CLANG_WARN_NON_LITERAL_NULL_CONVERSION = YES;
				CLANG_WARN_OBJC_IMPLICIT_RETAIN_SELF = YES;
				CLANG_WARN_OBJC_LITERAL_CONVERSION = YES;
				CLANG_WARN_OBJC_ROOT_CLASS = YES_ERROR;
				CLANG_WARN_QUOTED_INCLUDE_IN_FRAMEWORK_HEADER = YES;
				CLANG_WARN_RANGE_LOOP_ANALYSIS = YES;
				CLANG_WARN_STRICT_PROTOTYPES = YES;
				CLANG_WARN_SUSPICIOUS_MOVE = YES;
				CLANG_WARN_UNGUARDED_AVAILABILITY = YES_AGGRESSIVE;
				CLANG_WARN_UNREACHABLE_CODE = YES;
				CLANG_WARN__DUPLICATE_METHOD_MATCH = YES;
				COPY_PHASE_STRIP = NO;
				DEBUG_INFORMATION_FORMAT = dwarf;
				ENABLE_STRICT_OBJC_MSGSEND = YES;
				ENABLE_TESTABILITY = YES;
				ENABLE_USER_SCRIPT_SANDBOXING = YES;
				GCC_C_LANGUAGE_STANDARD = gnu17;
				GCC_DYNAMIC_NO_PIC = NO;
				GCC_NO_COMMON_BLOCKS = YES;
				GCC_OPTIMIZATION_LEVEL = 0;
				GCC_PREPROCESSOR_DEFINITIONS = (
					"DEBUG=1",
					"$(inherited)",
				);
				GCC_WARN_64_TO_32_BIT_CONVERSION = YES;
				GCC_WARN_ABOUT_RETURN_TYPE = YES_ERROR;
				GCC_WARN_UNDECLARED_SELECTOR = YES;
				GCC_WARN_UNINITIALIZED_AUTOS = YES_AGGRESSIVE;
				GCC_WARN_UNUSED_FUNCTION = YES;
				GCC_WARN_UNUSED_VARIABLE = YES;
				IPHONEOS_DEPLOYMENT_TARGET = 17.5;
				LOCALIZATION_PREFERS_STRING_CATALOGS = YES;
				MTL_ENABLE_DEBUG_INFO = INCLUDE_SOURCE;
				MTL_FAST_MATH = YES;
				ONLY_ACTIVE_ARCH = YES;
				SDKROOT = iphoneos;
				SWIFT_ACTIVE_COMPILATION_CONDITIONS = "DEBUG $(inherited)";
				SWIFT_OPTIMIZATION_LEVEL = "-Onone";
			};
			name = Debug;
		};
		80391BCD2C243D7600FCF96B /* Release */ = {
			isa = XCBuildConfiguration;
			buildSettings = {
				ALWAYS_SEARCH_USER_PATHS = NO;
				ASSETCATALOG_COMPILER_GENERATE_SWIFT_ASSET_SYMBOL_EXTENSIONS = YES;
				CLANG_ANALYZER_NONNULL = YES;
				CLANG_ANALYZER_NUMBER_OBJECT_CONVERSION = YES_AGGRESSIVE;
				CLANG_CXX_LANGUAGE_STANDARD = "gnu++20";
				CLANG_ENABLE_MODULES = YES;
				CLANG_ENABLE_OBJC_ARC = YES;
				CLANG_ENABLE_OBJC_WEAK = YES;
				CLANG_WARN_BLOCK_CAPTURE_AUTORELEASING = YES;
				CLANG_WARN_BOOL_CONVERSION = YES;
				CLANG_WARN_COMMA = YES;
				CLANG_WARN_CONSTANT_CONVERSION = YES;
				CLANG_WARN_DEPRECATED_OBJC_IMPLEMENTATIONS = YES;
				CLANG_WARN_DIRECT_OBJC_ISA_USAGE = YES_ERROR;
				CLANG_WARN_DOCUMENTATION_COMMENTS = YES;
				CLANG_WARN_EMPTY_BODY = YES;
				CLANG_WARN_ENUM_CONVERSION = YES;
				CLANG_WARN_INFINITE_RECURSION = YES;
				CLANG_WARN_INT_CONVERSION = YES;
				CLANG_WARN_NON_LITERAL_NULL_CONVERSION = YES;
				CLANG_WARN_OBJC_IMPLICIT_RETAIN_SELF = YES;
				CLANG_WARN_OBJC_LITERAL_CONVERSION = YES;
				CLANG_WARN_OBJC_ROOT_CLASS = YES_ERROR;
				CLANG_WARN_QUOTED_INCLUDE_IN_FRAMEWORK_HEADER = YES;
				CLANG_WARN_RANGE_LOOP_ANALYSIS = YES;
				CLANG_WARN_STRICT_PROTOTYPES = YES;
				CLANG_WARN_SUSPICIOUS_MOVE = YES;
				CLANG_WARN_UNGUARDED_AVAILABILITY = YES_AGGRESSIVE;
				CLANG_WARN_UNREACHABLE_CODE = YES;
				CLANG_WARN__DUPLICATE_METHOD_MATCH = YES;
				COPY_PHASE_STRIP = NO;
				DEBUG_INFORMATION_FORMAT = "dwarf-with-dsym";
				ENABLE_NS_ASSERTIONS = NO;
				ENABLE_STRICT_OBJC_MSGSEND = YES;
				ENABLE_USER_SCRIPT_SANDBOXING = YES;
				GCC_C_LANGUAGE_STANDARD = gnu17;
				GCC_NO_COMMON_BLOCKS = YES;
				GCC_WARN_64_TO_32_BIT_CONVERSION = YES;
				GCC_WARN_ABOUT_RETURN_TYPE = YES_ERROR;
				GCC_WARN_UNDECLARED_SELECTOR = YES;
				GCC_WARN_UNINITIALIZED_AUTOS = YES_AGGRESSIVE;
				GCC_WARN_UNUSED_FUNCTION = YES;
				GCC_WARN_UNUSED_VARIABLE = YES;
				IPHONEOS_DEPLOYMENT_TARGET = 17.5;
				LOCALIZATION_PREFERS_STRING_CATALOGS = YES;
				MTL_ENABLE_DEBUG_INFO = NO;
				MTL_FAST_MATH = YES;
				SDKROOT = iphoneos;
				SWIFT_COMPILATION_MODE = wholemodule;
				VALIDATE_PRODUCT = YES;
			};
			name = Release;
		};
		80391BCF2C243D7600FCF96B /* Debug */ = {
			isa = XCBuildConfiguration;
			buildSettings = {
				ASSETCATALOG_COMPILER_APPICON_NAME = AppIcon;
				ASSETCATALOG_COMPILER_GLOBAL_ACCENT_COLOR_NAME = AccentColor;
				CODE_SIGN_STYLE = Automatic;
				CURRENT_PROJECT_VERSION = 1;
				DEVELOPMENT_ASSET_PATHS = "\"AniceHolidaySample/Preview Content\"";
				DEVELOPMENT_TEAM = 6W4S4MGNGE;
				ENABLE_PREVIEWS = YES;
				ENABLE_USER_SCRIPT_SANDBOXING = NO;
				GENERATE_INFOPLIST_FILE = YES;
				INFOPLIST_KEY_UIApplicationSceneManifest_Generation = YES;
				INFOPLIST_KEY_UIApplicationSupportsIndirectInputEvents = YES;
				INFOPLIST_KEY_UILaunchScreen_Generation = YES;
				INFOPLIST_KEY_UISupportedInterfaceOrientations_iPad = "UIInterfaceOrientationPortrait UIInterfaceOrientationPortraitUpsideDown UIInterfaceOrientationLandscapeLeft UIInterfaceOrientationLandscapeRight";
				INFOPLIST_KEY_UISupportedInterfaceOrientations_iPhone = "UIInterfaceOrientationPortrait UIInterfaceOrientationLandscapeLeft UIInterfaceOrientationLandscapeRight";
				LD_RUNPATH_SEARCH_PATHS = (
					"$(inherited)",
					"@executable_path/Frameworks",
				);
				MARKETING_VERSION = 1.0;
				PRODUCT_BUNDLE_IDENTIFIER = Hian.AniceHolidaySample;
				PRODUCT_NAME = "$(TARGET_NAME)";
				SWIFT_EMIT_LOC_STRINGS = YES;
				SWIFT_VERSION = 5.0;
				TARGETED_DEVICE_FAMILY = "1,2";
			};
			name = Debug;
		};
		80391BD02C243D7600FCF96B /* Release */ = {
			isa = XCBuildConfiguration;
			buildSettings = {
				ASSETCATALOG_COMPILER_APPICON_NAME = AppIcon;
				ASSETCATALOG_COMPILER_GLOBAL_ACCENT_COLOR_NAME = AccentColor;
				CODE_SIGN_STYLE = Automatic;
				CURRENT_PROJECT_VERSION = 1;
				DEVELOPMENT_ASSET_PATHS = "\"AniceHolidaySample/Preview Content\"";
				DEVELOPMENT_TEAM = 6W4S4MGNGE;
				ENABLE_PREVIEWS = YES;
				ENABLE_USER_SCRIPT_SANDBOXING = NO;
				GENERATE_INFOPLIST_FILE = YES;
				INFOPLIST_KEY_UIApplicationSceneManifest_Generation = YES;
				INFOPLIST_KEY_UIApplicationSupportsIndirectInputEvents = YES;
				INFOPLIST_KEY_UILaunchScreen_Generation = YES;
				INFOPLIST_KEY_UISupportedInterfaceOrientations_iPad = "UIInterfaceOrientationPortrait UIInterfaceOrientationPortraitUpsideDown UIInterfaceOrientationLandscapeLeft UIInterfaceOrientationLandscapeRight";
				INFOPLIST_KEY_UISupportedInterfaceOrientations_iPhone = "UIInterfaceOrientationPortrait UIInterfaceOrientationLandscapeLeft UIInterfaceOrientationLandscapeRight";
				LD_RUNPATH_SEARCH_PATHS = (
					"$(inherited)",
					"@executable_path/Frameworks",
				);
				MARKETING_VERSION = 1.0;
				PRODUCT_BUNDLE_IDENTIFIER = Hian.AniceHolidaySample;
				PRODUCT_NAME = "$(TARGET_NAME)";
				SWIFT_EMIT_LOC_STRINGS = YES;
				SWIFT_VERSION = 5.0;
				TARGETED_DEVICE_FAMILY = "1,2";
			};
			name = Release;
		};
/* End XCBuildConfiguration section */

/* Begin XCConfigurationList section */
		80391BBB2C243D7400FCF96B /* Build configuration list for PBXProject "AniceHolidaySample" */ = {
			isa = XCConfigurationList;
			buildConfigurations = (
				80391BCC2C243D7600FCF96B /* Debug */,
				80391BCD2C243D7600FCF96B /* Release */,
			);
			defaultConfigurationIsVisible = 0;
			defaultConfigurationName = Release;
		};
		80391BCE2C243D7600FCF96B /* Build configuration list for PBXNativeTarget "AniceHolidaySample" */ = {
			isa = XCConfigurationList;
			buildConfigurations = (
				80391BCF2C243D7600FCF96B /* Debug */,
				80391BD02C243D7600FCF96B /* Release */,
			);
			defaultConfigurationIsVisible = 0;
			defaultConfigurationName = Release;
		};
/* End XCConfigurationList section */
	};
	rootObject = 80391BB82C243D7400FCF96B /* Project object */;
}
